
Microsoft Visual Studio Solution File, Format Version 12.00
# Visual Studio Version 16
VisualStudioVersion = 16.0.31205.134
MinimumVisualStudioVersion = 10.0.40219.1
Project("{9A19103F-16F7-4668-BE54-9A1E7A4F7556}") = "Task1", "Task1\Task1.csproj", "{C72D476E-2D95-496C-B05F-64DEE567D470}"
EndProject
Project("{9A19103F-16F7-4668-BE54-9A1E7A4F7556}") = "Task2", "Task2\Task2.csproj", "{3887A55F-14E9-4B43-904E-942631E5B5DB}"
EndProject
Project("{9A19103F-16F7-4668-BE54-9A1E7A4F7556}") = "Task4", "Task4\Task4.csproj", "{64869ABB-2C1F-46CF-A565-9ECA0F153A8F}"
EndProject
Project("{9A19103F-16F7-4668-BE54-9A1E7A4F7556}") = "Task5", "Task5\Task5.csproj", "{F78B6072-ACD0-4560-9C92-06AF444ECAD9}"
EndProject
Project("{9A19103F-16F7-4668-BE54-9A1E7A4F7556}") = "Task6", "Task6\Task6.csproj", "{BADDC944-60B5-4690-ADB6-91472DF36287}"
EndProject
Project("{9A19103F-16F7-4668-BE54-9A1E7A4F7556}") = "Task8-1", "Task8-1\Task8-1.csproj", "{9EDE8ECC-66A6-4831-A3D9-C04E74BB5D6C}"
EndProject
Project("{9A19103F-16F7-4668-BE54-9A1E7A4F7556}") = "Task8-2", "Task8-2\Task8-2.csproj", "{7DF9D903-8C37-42A4-A42B-259D35E78CA1}"
EndProject
Project("{FAE04EC0-301F-11D3-BF4B-00C04F79EFBC}") = "Task9", "Task9\Task9.csproj", "{784883AB-06A7-4A92-9DD3-D8C52871FD77}"
EndProject
Global
	GlobalSection(SolutionConfigurationPlatforms) = preSolution
		Debug|Any CPU = Debug|Any CPU
		Release|Any CPU = Release|Any CPU
	EndGlobalSection
	GlobalSection(ProjectConfigurationPlatforms) = postSolution
		{C72D476E-2D95-496C-B05F-64DEE567D470}.Debug|Any CPU.ActiveCfg = Debug|Any CPU
		{C72D476E-2D95-496C-B05F-64DEE567D470}.Debug|Any CPU.Build.0 = Debug|Any CPU
		{C72D476E-2D95-496C-B05F-64DEE567D470}.Release|Any CPU.ActiveCfg = Release|Any CPU
		{C72D476E-2D95-496C-B05F-64DEE567D470}.Release|Any CPU.Build.0 = Release|Any CPU
		{3887A55F-14E9-4B43-904E-942631E5B5DB}.Debug|Any CPU.ActiveCfg = Debug|Any CPU
		{3887A55F-14E9-4B43-904E-942631E5B5DB}.Debug|Any CPU.Build.0 = Debug|Any CPU
		{3887A55F-14E9-4B43-904E-942631E5B5DB}.Release|Any CPU.ActiveCfg = Release|Any CPU
		{3887A55F-14E9-4B43-904E-942631E5B5DB}.Release|Any CPU.Build.0 = Release|Any CPU
		{64869ABB-2C1F-46CF-A565-9ECA0F153A8F}.Debug|Any CPU.ActiveCfg = Debug|Any CPU
		{64869ABB-2C1F-46CF-A565-9ECA0F153A8F}.Debug|Any CPU.Build.0 = Debug|Any CPU
		{64869ABB-2C1F-46CF-A565-9ECA0F153A8F}.Release|Any CPU.ActiveCfg = Release|Any CPU
		{64869ABB-2C1F-46CF-A565-9ECA0F153A8F}.Release|Any CPU.Build.0 = Release|Any CPU
		{F78B6072-ACD0-4560-9C92-06AF444ECAD9}.Debug|Any CPU.ActiveCfg = Debug|Any CPU
		{F78B6072-ACD0-4560-9C92-06AF444ECAD9}.Debug|Any CPU.Build.0 = Debug|Any CPU
		{F78B6072-ACD0-4560-9C92-06AF444ECAD9}.Release|Any CPU.ActiveCfg = Release|Any CPU
		{F78B6072-ACD0-4560-9C92-06AF444ECAD9}.Release|Any CPU.Build.0 = Release|Any CPU
		{BADDC944-60B5-4690-ADB6-91472DF36287}.Debug|Any CPU.ActiveCfg = Debug|Any CPU
		{BADDC944-60B5-4690-ADB6-91472DF36287}.Debug|Any CPU.Build.0 = Debug|Any CPU
		{BADDC944-60B5-4690-ADB6-91472DF36287}.Release|Any CPU.ActiveCfg = Release|Any CPU
		{BADDC944-60B5-4690-ADB6-91472DF36287}.Release|Any CPU.Build.0 = Release|Any CPU
		{9EDE8ECC-66A6-4831-A3D9-C04E74BB5D6C}.Debug|Any CPU.ActiveCfg = Debug|Any CPU
		{9EDE8ECC-66A6-4831-A3D9-C04E74BB5D6C}.Debug|Any CPU.Build.0 = Debug|Any CPU
		{9EDE8ECC-66A6-4831-A3D9-C04E74BB5D6C}.Release|Any CPU.ActiveCfg = Release|Any CPU
		{9EDE8ECC-66A6-4831-A3D9-C04E74BB5D6C}.Release|Any CPU.Build.0 = Release|Any CPU
		{7DF9D903-8C37-42A4-A42B-259D35E78CA1}.Debug|Any CPU.ActiveCfg = Debug|Any CPU
		{7DF9D903-8C37-42A4-A42B-259D35E78CA1}.Debug|Any CPU.Build.0 = Debug|Any CPU
		{7DF9D903-8C37-42A4-A42B-259D35E78CA1}.Release|Any CPU.ActiveCfg = Release|Any CPU
		{7DF9D903-8C37-42A4-A42B-259D35E78CA1}.Release|Any CPU.Build.0 = Release|Any CPU
		{784883AB-06A7-4A92-9DD3-D8C52871FD77}.Debug|Any CPU.ActiveCfg = Debug|Any CPU
		{784883AB-06A7-4A92-9DD3-D8C52871FD77}.Debug|Any CPU.Build.0 = Debug|Any CPU
		{784883AB-06A7-4A92-9DD3-D8C52871FD77}.Release|Any CPU.ActiveCfg = Release|Any CPU
		{784883AB-06A7-4A92-9DD3-D8C52871FD77}.Release|Any CPU.Build.0 = Release|Any CPU
	EndGlobalSection
	GlobalSection(SolutionProperties) = preSolution
		HideSolutionNode = FALSE
	EndGlobalSection
	GlobalSection(ExtensibilityGlobals) = postSolution
		SolutionGuid = {F432345B-EE4F-4140-B53F-71AEEDA55D22}
	EndGlobalSection
EndGlobal
